// !$*UTF8*$!
{
	archiveVersion = 1;
	classes = {
	};
	objectVersion = 56;
	objects = {

/* Begin PBXBuildFile section */
		727800A12BBF2757000B5A2A /* FileParser.cpp in Sources */ = {isa = PBXBuildFile; fileRef = 727800962BBF22BE000B5A2A /* FileParser.cpp */; };
		727800A32BBF2757000B5A2A /* FunctionParser.cpp in Sources */ = {isa = PBXBuildFile; fileRef = 7278009C2BBF22BE000B5A2A /* FunctionParser.cpp */; };
		727800A42BBF2757000B5A2A /* JITEngine.cpp in Sources */ = {isa = PBXBuildFile; fileRef = 727800992BBF22BE000B5A2A /* JITEngine.cpp */; };
		727800A52BBF2757000B5A2A /* Label.cpp in Sources */ = {isa = PBXBuildFile; fileRef = 7278009A2BBF22BE000B5A2A /* Label.cpp */; };
		727800A62BBF2757000B5A2A /* main.cpp in Sources */ = {isa = PBXBuildFile; fileRef = 7278009B2BBF22BE000B5A2A /* main.cpp */; };
		727800A72BBF2757000B5A2A /* Scaner.cpp in Sources */ = {isa = PBXBuildFile; fileRef = 727800982BBF22BE000B5A2A /* Scaner.cpp */; };
		72921B4D2BD3D2DF00624690 /* Function.cpp in Sources */ = {isa = PBXBuildFile; fileRef = 72921B4A2BD3D2DF00624690 /* Function.cpp */; };
		72921B4E2BD3D2DF00624690 /* FunctionX86.cpp in Sources */ = {isa = PBXBuildFile; fileRef = 72921B4B2BD3D2DF00624690 /* FunctionX86.cpp */; };
		72921B4F2BD3D2DF00624690 /* FunctionX64.cpp in Sources */ = {isa = PBXBuildFile; fileRef = 72921B4C2BD3D2DF00624690 /* FunctionX64.cpp */; };
		72921B512BD3D35D00624690 /* Test.cpp in Sources */ = {isa = PBXBuildFile; fileRef = 72921B502BD3D35D00624690 /* Test.cpp */; };
		72921B532BD6C95500624690 /* FunctionX64Linux.cpp in Sources */ = {isa = PBXBuildFile; fileRef = 72921B522BD6C95500624690 /* FunctionX64Linux.cpp */; };
/* End PBXBuildFile section */

/* Begin PBXCopyFilesBuildPhase section */
		727800792BBF1C39000B5A2A /* CopyFiles */ = {
			isa = PBXCopyFilesBuildPhase;
			buildActionMask = 2147483647;
			dstPath = /usr/share/man/man1/;
			dstSubfolderSpec = 0;
			files = (
			);
			runOnlyForDeploymentPostprocessing = 1;
		};
/* End PBXCopyFilesBuildPhase section */

/* Begin PBXFileReference section */
		7278007B2BBF1C39000B5A2A /* tinyc */ = {isa = PBXFileReference; explicitFileType = "compiled.mach-o.executable"; includeInIndex = 0; path = tinyc; sourceTree = BUILT_PRODUCTS_DIR; };
		727800962BBF22BE000B5A2A /* FileParser.cpp */ = {isa = PBXFileReference; lastKnownFileType = sourcecode.cpp.cpp; name = FileParser.cpp; path = ../src/FileParser.cpp; sourceTree = "<group>"; };
		727800982BBF22BE000B5A2A /* Scaner.cpp */ = {isa = PBXFileReference; lastKnownFileType = sourcecode.cpp.cpp; name = Scaner.cpp; path = ../src/Scaner.cpp; sourceTree = "<group>"; };
		727800992BBF22BE000B5A2A /* JITEngine.cpp */ = {isa = PBXFileReference; lastKnownFileType = sourcecode.cpp.cpp; name = JITEngine.cpp; path = ../src/JITEngine.cpp; sourceTree = "<group>"; };
		7278009A2BBF22BE000B5A2A /* Label.cpp */ = {isa = PBXFileReference; lastKnownFileType = sourcecode.cpp.cpp; name = Label.cpp; path = ../src/Label.cpp; sourceTree = "<group>"; };
		7278009B2BBF22BE000B5A2A /* main.cpp */ = {isa = PBXFileReference; lastKnownFileType = sourcecode.cpp.cpp; name = main.cpp; path = ../src/main.cpp; sourceTree = "<group>"; };
		7278009C2BBF22BE000B5A2A /* FunctionParser.cpp */ = {isa = PBXFileReference; lastKnownFileType = sourcecode.cpp.cpp; name = FunctionParser.cpp; path = ../src/FunctionParser.cpp; sourceTree = "<group>"; };
		72921B4A2BD3D2DF00624690 /* Function.cpp */ = {isa = PBXFileReference; fileEncoding = 4; lastKnownFileType = sourcecode.cpp.cpp; path = Function.cpp; sourceTree = "<group>"; };
		72921B4B2BD3D2DF00624690 /* FunctionX86.cpp */ = {isa = PBXFileReference; fileEncoding = 4; lastKnownFileType = sourcecode.cpp.cpp; path = FunctionX86.cpp; sourceTree = "<group>"; };
		72921B4C2BD3D2DF00624690 /* FunctionX64.cpp */ = {isa = PBXFileReference; fileEncoding = 4; lastKnownFileType = sourcecode.cpp.cpp; path = FunctionX64.cpp; sourceTree = "<group>"; };
		72921B502BD3D35D00624690 /* Test.cpp */ = {isa = PBXFileReference; fileEncoding = 4; lastKnownFileType = sourcecode.cpp.cpp; path = Test.cpp; sourceTree = "<group>"; };
		72921B522BD6C95500624690 /* FunctionX64Linux.cpp */ = {isa = PBXFileReference; fileEncoding = 4; lastKnownFileType = sourcecode.cpp.cpp; path = FunctionX64Linux.cpp; sourceTree = "<group>"; };
		72921B552BDCABA300624690 /* hello_mod.c */ = {isa = PBXFileReference; fileEncoding = 4; lastKnownFileType = sourcecode.c.c; path = hello_mod.c; sourceTree = "<group>"; };
		72921B562BDCABA300624690 /* test.c */ = {isa = PBXFileReference; fileEncoding = 4; lastKnownFileType = sourcecode.c.c; path = test.c; sourceTree = "<group>"; };
		72921B572BDCABA300624690 /* hello0.c */ = {isa = PBXFileReference; fileEncoding = 4; lastKnownFileType = sourcecode.c.c; path = hello0.c; sourceTree = "<group>"; };
		72921B582BDCABA300624690 /* hello1.c */ = {isa = PBXFileReference; fileEncoding = 4; lastKnownFileType = sourcecode.c.c; path = hello1.c; sourceTree = "<group>"; };
		72921B592BDCABA300624690 /* hello_win.c */ = {isa = PBXFileReference; fileEncoding = 4; lastKnownFileType = sourcecode.c.c; path = hello_win.c; sourceTree = "<group>"; };
		72921B5A2BDCABA300624690 /* hello2.c */ = {isa = PBXFileReference; fileEncoding = 4; lastKnownFileType = sourcecode.c.c; path = hello2.c; sourceTree = "<group>"; };
		72921B5B2BDCABA300624690 /* hello.c */ = {isa = PBXFileReference; fileEncoding = 4; lastKnownFileType = sourcecode.c.c; path = hello.c; sourceTree = "<group>"; };
		72921B632BDCABB000624690 /* performance.c */ = {isa = PBXFileReference; fileEncoding = 4; lastKnownFileType = sourcecode.c.c; path = performance.c; sourceTree = "<group>"; };
		72921B662BDD5EE700624690 /* tinyc.entitlements */ = {isa = PBXFileReference; lastKnownFileType = text.plist.entitlements; path = tinyc.entitlements; sourceTree = "<group>"; };
/* End PBXFileReference section */

/* Begin PBXFrameworksBuildPhase section */
		727800782BBF1C39000B5A2A /* Frameworks */ = {
			isa = PBXFrameworksBuildPhase;
			buildActionMask = 2147483647;
			files = (
			);
			runOnlyForDeploymentPostprocessing = 0;
		};
/* End PBXFrameworksBuildPhase section */

/* Begin PBXGroup section */
		7277C4492BBC64A00054171F = {
			isa = PBXGroup;
			children = (
				72921B662BDD5EE700624690 /* tinyc.entitlements */,
				72921B542BDCAB5100624690 /* ../test */,
				727800942BBF2297000B5A2A /* ../src */,
				7277C4532BBC64A00054171F /* Products */,
			);
			sourceTree = "<group>";
		};
		7277C4532BBC64A00054171F /* Products */ = {
			isa = PBXGroup;
			children = (
				7278007B2BBF1C39000B5A2A /* tinyc */,
			);
			name = Products;
			sourceTree = "<group>";
		};
		727800942BBF2297000B5A2A /* ../src */ = {
			isa = PBXGroup;
			children = (
				72921B522BD6C95500624690 /* FunctionX64Linux.cpp */,
				72921B502BD3D35D00624690 /* Test.cpp */,
				72921B4A2BD3D2DF00624690 /* Function.cpp */,
				72921B4C2BD3D2DF00624690 /* FunctionX64.cpp */,
				72921B4B2BD3D2DF00624690 /* FunctionX86.cpp */,
				727800962BBF22BE000B5A2A /* FileParser.cpp */,
				7278009C2BBF22BE000B5A2A /* FunctionParser.cpp */,
				727800992BBF22BE000B5A2A /* JITEngine.cpp */,
				7278009A2BBF22BE000B5A2A /* Label.cpp */,
				7278009B2BBF22BE000B5A2A /* main.cpp */,
				727800982BBF22BE000B5A2A /* Scaner.cpp */,
			);
			path = ../src;
			sourceTree = "<group>";
		};
		72921B542BDCAB5100624690 /* ../test */ = {
			isa = PBXGroup;
			children = (
				72921B632BDCABB000624690 /* performance.c */,
				72921B552BDCABA300624690 /* hello_mod.c */,
				72921B592BDCABA300624690 /* hello_win.c */,
				72921B5B2BDCABA300624690 /* hello.c */,
				72921B572BDCABA300624690 /* hello0.c */,
				72921B582BDCABA300624690 /* hello1.c */,
				72921B5A2BDCABA300624690 /* hello2.c */,
				72921B562BDCABA300624690 /* test.c */,
			);
			path = ../test;
			sourceTree = "<group>";
		};
/* End PBXGroup section */

/* Begin PBXNativeTarget section */
		7278007A2BBF1C39000B5A2A /* tinyc */ = {
			isa = PBXNativeTarget;
			buildConfigurationList = 7278007F2BBF1C39000B5A2A /* Build configuration list for PBXNativeTarget "tinyc" */;
			buildPhases = (
				727800772BBF1C39000B5A2A /* Sources */,
				727800782BBF1C39000B5A2A /* Frameworks */,
				727800792BBF1C39000B5A2A /* CopyFiles */,
			);
			buildRules = (
			);
			dependencies = (
			);
			name = tinyc;
			productName = tinyc;
			productReference = 7278007B2BBF1C39000B5A2A /* tinyc */;
			productType = "com.apple.product-type.tool";
		};
/* End PBXNativeTarget section */

/* Begin PBXProject section */
		7277C44A2BBC64A00054171F /* Project object */ = {
			isa = PBXProject;
			attributes = {
				BuildIndependentTargetsInParallel = 1;
				LastUpgradeCheck = 1530;
				TargetAttributes = {
					7278007A2BBF1C39000B5A2A = {
						CreatedOnToolsVersion = 15.3;
					};
				};
			};
			buildConfigurationList = 7277C44D2BBC64A00054171F /* Build configuration list for PBXProject "tinyc" */;
			compatibilityVersion = "Xcode 14.0";
			developmentRegion = en;
			hasScannedForEncodings = 0;
			knownRegions = (
				en,
				Base,
			);
			mainGroup = 7277C4492BBC64A00054171F;
			productRefGroup = 7277C4532BBC64A00054171F /* Products */;
			projectDirPath = "";
			projectRoot = "";
			targets = (
				7278007A2BBF1C39000B5A2A /* tinyc */,
			);
		};
/* End PBXProject section */

/* Begin PBXSourcesBuildPhase section */
		727800772BBF1C39000B5A2A /* Sources */ = {
			isa = PBXSourcesBuildPhase;
			buildActionMask = 2147483647;
			files = (
				727800A12BBF2757000B5A2A /* FileParser.cpp in Sources */,
				727800A32BBF2757000B5A2A /* FunctionParser.cpp in Sources */,
				727800A42BBF2757000B5A2A /* JITEngine.cpp in Sources */,
				72921B4F2BD3D2DF00624690 /* FunctionX64.cpp in Sources */,
				72921B4D2BD3D2DF00624690 /* Function.cpp in Sources */,
				72921B532BD6C95500624690 /* FunctionX64Linux.cpp in Sources */,
				72921B4E2BD3D2DF00624690 /* FunctionX86.cpp in Sources */,
				727800A52BBF2757000B5A2A /* Label.cpp in Sources */,
				727800A62BBF2757000B5A2A /* main.cpp in Sources */,
				727800A72BBF2757000B5A2A /* Scaner.cpp in Sources */,
				72921B512BD3D35D00624690 /* Test.cpp in Sources */,
			);
			runOnlyForDeploymentPostprocessing = 0;
		};
/* End PBXSourcesBuildPhase section */

/* Begin XCBuildConfiguration section */
		7277C4572BBC64A00054171F /* Debug */ = {
			isa = XCBuildConfiguration;
			buildSettings = {
				ALWAYS_SEARCH_USER_PATHS = NO;
				ASSETCATALOG_COMPILER_GENERATE_SWIFT_ASSET_SYMBOL_EXTENSIONS = YES;
				CLANG_ANALYZER_NONNULL = YES;
				CLANG_ANALYZER_NUMBER_OBJECT_CONVERSION = YES_AGGRESSIVE;
				CLANG_CXX_LANGUAGE_STANDARD = "c++98";
				CLANG_ENABLE_MODULES = YES;
				CLANG_ENABLE_OBJC_ARC = YES;
				CLANG_ENABLE_OBJC_WEAK = YES;
				CLANG_WARN_BLOCK_CAPTURE_AUTORELEASING = YES;
				CLANG_WARN_BOOL_CONVERSION = YES;
				CLANG_WARN_COMMA = YES;
				CLANG_WARN_CONSTANT_CONVERSION = YES;
				CLANG_WARN_DEPRECATED_OBJC_IMPLEMENTATIONS = YES;
				CLANG_WARN_DIRECT_OBJC_ISA_USAGE = YES_ERROR;
				CLANG_WARN_DOCUMENTATION_COMMENTS = YES;
				CLANG_WARN_EMPTY_BODY = YES;
				CLANG_WARN_ENUM_CONVERSION = YES;
				CLANG_WARN_INFINITE_RECURSION = YES;
				CLANG_WARN_INT_CONVERSION = YES;
				CLANG_WARN_NON_LITERAL_NULL_CONVERSION = YES;
				CLANG_WARN_OBJC_IMPLICIT_RETAIN_SELF = YES;
				CLANG_WARN_OBJC_LITERAL_CONVERSION = YES;
				CLANG_WARN_OBJC_ROOT_CLASS = YES_ERROR;
				CLANG_WARN_QUOTED_INCLUDE_IN_FRAMEWORK_HEADER = YES;
				CLANG_WARN_RANGE_LOOP_ANALYSIS = YES;
				CLANG_WARN_STRICT_PROTOTYPES = YES;
				CLANG_WARN_SUSPICIOUS_MOVE = YES;
				CLANG_WARN_UNGUARDED_AVAILABILITY = YES_AGGRESSIVE;
				CLANG_WARN_UNREACHABLE_CODE = YES;
				CLANG_WARN__DUPLICATE_METHOD_MATCH = YES;
				COPY_PHASE_STRIP = YES;
				DEBUG_INFORMATION_FORMAT = "dwarf-with-dsym";
				ENABLE_STRICT_OBJC_MSGSEND = YES;
				ENABLE_TESTABILITY = YES;
				ENABLE_USER_SCRIPT_SANDBOXING = YES;
				GCC_C_LANGUAGE_STANDARD = gnu17;
				GCC_DYNAMIC_NO_PIC = NO;
				GCC_NO_COMMON_BLOCKS = YES;
				GCC_OPTIMIZATION_LEVEL = 0;
				GCC_PREPROCESSOR_DEFINITIONS = (
					"DEBUG=1",
					"$(inherited)",
				);
				GCC_WARN_64_TO_32_BIT_CONVERSION = YES;
				GCC_WARN_ABOUT_RETURN_TYPE = YES_ERROR;
				GCC_WARN_UNDECLARED_SELECTOR = YES;
				GCC_WARN_UNINITIALIZED_AUTOS = YES_AGGRESSIVE;
				GCC_WARN_UNUSED_FUNCTION = YES;
				GCC_WARN_UNUSED_VARIABLE = YES;
				LOCALIZATION_PREFERS_STRING_CATALOGS = YES;
				MACOSX_DEPLOYMENT_TARGET = 14.4;
				MTL_ENABLE_DEBUG_INFO = INCLUDE_SOURCE;
				MTL_FAST_MATH = YES;
				ONLY_ACTIVE_ARCH = YES;
				SDKROOT = macosx;
				USER_HEADER_SEARCH_PATHS = ../inc;
			};
			name = Debug;
		};
		7277C4582BBC64A00054171F /* Release */ = {
			isa = XCBuildConfiguration;
			buildSettings = {
				ALWAYS_SEARCH_USER_PATHS = NO;
				ASSETCATALOG_COMPILER_GENERATE_SWIFT_ASSET_SYMBOL_EXTENSIONS = YES;
				CLANG_ANALYZER_NONNULL = YES;
				CLANG_ANALYZER_NUMBER_OBJECT_CONVERSION = YES_AGGRESSIVE;
				CLANG_CXX_LANGUAGE_STANDARD = "c++98";
				CLANG_ENABLE_MODULES = YES;
				CLANG_ENABLE_OBJC_ARC = YES;
				CLANG_ENABLE_OBJC_WEAK = YES;
				CLANG_WARN_BLOCK_CAPTURE_AUTORELEASING = YES;
				CLANG_WARN_BOOL_CONVERSION = YES;
				CLANG_WARN_COMMA = YES;
				CLANG_WARN_CONSTANT_CONVERSION = YES;
				CLANG_WARN_DEPRECATED_OBJC_IMPLEMENTATIONS = YES;
				CLANG_WARN_DIRECT_OBJC_ISA_USAGE = YES_ERROR;
				CLANG_WARN_DOCUMENTATION_COMMENTS = YES;
				CLANG_WARN_EMPTY_BODY = YES;
				CLANG_WARN_ENUM_CONVERSION = YES;
				CLANG_WARN_INFINITE_RECURSION = YES;
				CLANG_WARN_INT_CONVERSION = YES;
				CLANG_WARN_NON_LITERAL_NULL_CONVERSION = YES;
				CLANG_WARN_OBJC_IMPLICIT_RETAIN_SELF = YES;
				CLANG_WARN_OBJC_LITERAL_CONVERSION = YES;
				CLANG_WARN_OBJC_ROOT_CLASS = YES_ERROR;
				CLANG_WARN_QUOTED_INCLUDE_IN_FRAMEWORK_HEADER = YES;
				CLANG_WARN_RANGE_LOOP_ANALYSIS = YES;
				CLANG_WARN_STRICT_PROTOTYPES = YES;
				CLANG_WARN_SUSPICIOUS_MOVE = YES;
				CLANG_WARN_UNGUARDED_AVAILABILITY = YES_AGGRESSIVE;
				CLANG_WARN_UNREACHABLE_CODE = YES;
				CLANG_WARN__DUPLICATE_METHOD_MATCH = YES;
				COPY_PHASE_STRIP = YES;
				DEBUG_INFORMATION_FORMAT = "dwarf-with-dsym";
				ENABLE_NS_ASSERTIONS = NO;
				ENABLE_STRICT_OBJC_MSGSEND = YES;
				ENABLE_USER_SCRIPT_SANDBOXING = YES;
				GCC_C_LANGUAGE_STANDARD = gnu17;
				GCC_NO_COMMON_BLOCKS = YES;
				GCC_WARN_64_TO_32_BIT_CONVERSION = YES;
				GCC_WARN_ABOUT_RETURN_TYPE = YES_ERROR;
				GCC_WARN_UNDECLARED_SELECTOR = YES;
				GCC_WARN_UNINITIALIZED_AUTOS = YES_AGGRESSIVE;
				GCC_WARN_UNUSED_FUNCTION = YES;
				GCC_WARN_UNUSED_VARIABLE = YES;
				LOCALIZATION_PREFERS_STRING_CATALOGS = YES;
				MACOSX_DEPLOYMENT_TARGET = 14.4;
				MTL_ENABLE_DEBUG_INFO = NO;
				MTL_FAST_MATH = YES;
				SDKROOT = macosx;
				USER_HEADER_SEARCH_PATHS = ../inc;
			};
			name = Release;
		};
		727800802BBF1C39000B5A2A /* Debug */ = {
			isa = XCBuildConfiguration;
			buildSettings = {
				CLANG_CXX_LANGUAGE_STANDARD = "c++98";
				CODE_SIGN_ENTITLEMENTS = tinyc.entitlements;
				CODE_SIGN_IDENTITY = "Apple Development";
				"CODE_SIGN_IDENTITY[sdk=macosx*]" = "Apple Development";
				CODE_SIGN_STYLE = Automatic;
				DEBUG_INFORMATION_FORMAT = "dwarf-with-dsym";
				DEVELOPMENT_TEAM = CHSKR457Y2;
				ENABLE_HARDENED_RUNTIME = YES;
				GCC_C_LANGUAGE_STANDARD = c99;
				PRODUCT_BUNDLE_IDENTIFIER = com.wxf.tinyc;
				PRODUCT_NAME = "$(TARGET_NAME)";
				PROVISIONING_PROFILE_SPECIFIER = "";
			};
			name = Debug;
		};
		727800812BBF1C39000B5A2A /* Release */ = {
			isa = XCBuildConfiguration;
			buildSettings = {
				CLANG_CXX_LANGUAGE_STANDARD = "c++98";
				CODE_SIGN_ENTITLEMENTS = tinyc.entitlements;
				"CODE_SIGN_IDENTITY[sdk=macosx*]" = "Apple Development";
				CODE_SIGN_STYLE = Automatic;
				DEVELOPMENT_TEAM = 478553BFKW;
				ENABLE_HARDENED_RUNTIME = YES;
				GCC_C_LANGUAGE_STANDARD = c99;
				PRODUCT_BUNDLE_IDENTIFIER = com.wxf.tinyc;
				PRODUCT_NAME = "$(TARGET_NAME)";
			};
			name = Release;
		};
/* End XCBuildConfiguration section */

/* Begin XCConfigurationList section */
		7277C44D2BBC64A00054171F /* Build configuration list for PBXProject "tinyc" */ = {
			isa = XCConfigurationList;
			buildConfigurations = (
				7277C4572BBC64A00054171F /* Debug */,
				7277C4582BBC64A00054171F /* Release */,
			);
			defaultConfigurationIsVisible = 0;
			defaultConfigurationName = Debug;
		};
		7278007F2BBF1C39000B5A2A /* Build configuration list for PBXNativeTarget "tinyc" */ = {
			isa = XCConfigurationList;
			buildConfigurations = (
				727800802BBF1C39000B5A2A /* Debug */,
				727800812BBF1C39000B5A2A /* Release */,
			);
			defaultConfigurationIsVisible = 0;
			defaultConfigurationName = Debug;
		};
/* End XCConfigurationList section */
	};
	rootObject = 7277C44A2BBC64A00054171F /* Project object */;
}
