<?xml version="1.0" encoding="utf-8"?>
<Project ToolsVersion="4.0" xmlns="http://schemas.microsoft.com/developer/msbuild/2003">
  <ItemGroup>
    <Filter Include="Source Files">
      <UniqueIdentifier>{4FC737F1-C7A5-4376-A066-2A32D752A2FF}</UniqueIdentifier>
      <Extensions>cpp;c;cc;cxx;c++;cppm;ixx;def;odl;idl;hpj;bat;asm;asmx</Extensions>
    </Filter>
    <Filter Include="Header Files">
      <UniqueIdentifier>{93995380-89BD-4b04-88EB-625FBE52EBFB}</UniqueIdentifier>
      <Extensions>h;hh;hpp;hxx;h++;hm;inl;inc;ipp;xsd</Extensions>
    </Filter>
    <Filter Include="Resource Files">
      <UniqueIdentifier>{67DA6AB6-F800-4c08-8B7A-83BB121AAD01}</UniqueIdentifier>
      <Extensions>rc;ico;cur;bmp;dlg;rc2;rct;bin;rgs;gif;jpg;jpeg;jpe;resx;tiff;tif;png;wav;mfcribbon-ms</Extensions>
    </Filter>
    <Filter Include="Inc">
      <UniqueIdentifier>{7d187a64-0102-40c8-8635-7225e92fa1f8}</UniqueIdentifier>
    </Filter>
    <Filter Include="test">
      <UniqueIdentifier>{a6b812c6-64aa-4d93-8859-3fa59c893b0c}</UniqueIdentifier>
    </Filter>
    <Filter Include="Docs">
      <UniqueIdentifier>{70c35c30-da6b-40e0-9b06-c29de256bc73}</UniqueIdentifier>
    </Filter>
  </ItemGroup>
  <ItemGroup>
    <ClCompile Include="..\src\main.cpp">
      <Filter>Source Files</Filter>
    </ClCompile>
    <ClCompile Include="..\src\Function.cpp">
      <Filter>Source Files</Filter>
    </ClCompile>
    <ClCompile Include="..\src\FunctionX64.cpp">
      <Filter>Source Files</Filter>
    </ClCompile>
    <ClCompile Include="..\src\FunctionX86.cpp">
      <Filter>Source Files</Filter>
    </ClCompile>
    <ClCompile Include="..\src\FileParser.cpp">
      <Filter>Source Files</Filter>
    </ClCompile>
    <ClCompile Include="..\src\FunctionParser.cpp">
      <Filter>Source Files</Filter>
    </ClCompile>
    <ClCompile Include="..\src\Scaner.cpp">
      <Filter>Source Files</Filter>
    </ClCompile>
    <ClCompile Include="..\src\JITEngine.cpp">
      <Filter>Source Files</Filter>
    </ClCompile>
    <ClCompile Include="..\src\Label.cpp">
      <Filter>Source Files</Filter>
    </ClCompile>
    <ClCompile Include="..\src\Test.cpp">
      <Filter>Source Files</Filter>
    </ClCompile>
  </ItemGroup>
  <ItemGroup>
    <Text Include="..\test\hello_mod.c">
      <Filter>test</Filter>
    </Text>
    <Text Include="..\test\performance.c">
      <Filter>test</Filter>
    </Text>
    <Text Include="..\test\test.c">
      <Filter>test</Filter>
    </Text>
    <Text Include="..\test\hello0.c">
      <Filter>test</Filter>
    </Text>
    <Text Include="..\test\hello.c">
      <Filter>test</Filter>
    </Text>
    <Text Include="..\docs\asm_x64.txt">
      <Filter>Docs</Filter>
    </Text>
    <Text Include="..\docs\windows_x64_spec.txt">
      <Filter>Docs</Filter>
    </Text>
    <Text Include="..\docs\helo0_x64_asm.txt">
      <Filter>Docs</Filter>
    </Text>
    <Text Include="..\docs\helo0_x86_asm.txt">
      <Filter>Docs</Filter>
    </Text>
    <Text Include="..\test\hello1.c">
      <Filter>test</Filter>
    </Text>
  </ItemGroup>
  <ItemGroup>
    <ClInclude Include="..\inc\common.h">
      <Filter>Inc</Filter>
    </ClInclude>
    <ClInclude Include="..\inc\Function.h">
      <Filter>Inc</Filter>
    </ClInclude>
    <ClInclude Include="..\inc\FileParser.h">
      <Filter>Inc</Filter>
    </ClInclude>
    <ClInclude Include="..\inc\FunctionParser.h">
      <Filter>Inc</Filter>
    </ClInclude>
    <ClInclude Include="..\inc\Scanner.h">
      <Filter>Inc</Filter>
    </ClInclude>
    <ClInclude Include="..\inc\JITEngine.h">
      <Filter>Inc</Filter>
    </ClInclude>
    <ClInclude Include="..\inc\Label.h">
      <Filter>Inc</Filter>
    </ClInclude>
    <ClInclude Include="..\inc\FunctionX64.h">
      <Filter>Inc</Filter>
    </ClInclude>
    <ClInclude Include="..\inc\FunctionX86.h">
      <Filter>Inc</Filter>
    </ClInclude>
  </ItemGroup>
</Project>